# @generated by Move, please check-in and do not edit manually.

[move]
version = 3
manifest_digest = "96B6943BAFEAAEF71CB2CD571AD01B0306E5D7D6F206A6DE3901F912E8C3D9D2"
deps_digest = "F8BBB0CCB2491CA29A3DF03D6F92277A4F3574266507ACD77214D37ECA3F3082"
dependencies = [
  { id = "One", name = "One" },
]

[[move.package]]
id = "MoveStdlib"
source = { git = "https://github.com/one-chain-labs/onechain.git", rev = "main", subdir = "crates/sui-framework/packages/move-stdlib" }

[[move.package]]
id = "One"
source = { git = "https://github.com/one-chain-labs/onechain.git", rev = "main", subdir = "crates/sui-framework/packages/one-framework" }

dependencies = [
  { id = "MoveStdlib", name = "MoveStdlib" },
]

[move.toolchain-version]
compiler-version = "1.0.1"
edition = "2024.beta"
flavor = "one"

[env]

[env.testnet]
chain-id = "1bd5c965"
original-published-id = "0x7f56fe8961f20d4c54e1c8b5b21b032f8a7e8dd8cfa66fd1a565dcac5cc9dfe8"
latest-published-id = "0x7f56fe8961f20d4c54e1c8b5b21b032f8a7e8dd8cfa66fd1a565dcac5cc9dfe8"
published-version = "1"
